
Microsoft Visual Studio Solution File, Format Version 12.00
# Visual Studio Version 17
VisualStudioVersion = 17.11.35219.272
MinimumVisualStudioVersion = 10.0.40219.1
Project("{FAE04EC0-301F-11D3-BF4B-00C04F79EFBC}") = "BlogManagementSysAPI", "BlogManagementSysAPI.csproj", "{5D6248E1-E59B-438A-961A-10D6DA7D7FD4}"
EndProject
Global
	GlobalSection(SolutionConfigurationPlatforms) = preSolution
		Debug|Any CPU = Debug|Any CPU
		Release|Any CPU = Release|Any CPU
	EndGlobalSection
	GlobalSection(ProjectConfigurationPlatforms) = postSolution
		{5D6248E1-E59B-438A-961A-10D6DA7D7FD4}.Debug|Any CPU.ActiveCfg = Debug|Any CPU
		{5D6248E1-E59B-438A-961A-10D6DA7D7FD4}.Debug|Any CPU.Build.0 = Debug|Any CPU
		{5D6248E1-E59B-438A-961A-10D6DA7D7FD4}.Release|Any CPU.ActiveCfg = Release|Any CPU
		{5D6248E1-E59B-438A-961A-10D6DA7D7FD4}.Release|Any CPU.Build.0 = Release|Any CPU
	EndGlobalSection
	GlobalSection(SolutionProperties) = preSolution
		HideSolutionNode = FALSE
	EndGlobalSection
	GlobalSection(ExtensibilityGlobals) = postSolution
		SolutionGuid = {39A72A32-55CC-4964-8105-4F7B8A299AFC}
	EndGlobalSection
EndGlobal
